
Microsoft Visual Studio Solution File, Format Version 12.00
# Visual Studio Version 16
VisualStudioVersion = 16.0.31624.102
MinimumVisualStudioVersion = 10.0.40219.1
Project("{FAE04EC0-301F-11D3-BF4B-00C04F79EFBC}") = "Code_Assignment_HUD_1.0", "Code_Assignment_HUD_1.0.csproj", "{BA529BB4-4099-4201-BE89-6FD7A87EB27D}"
EndProject
Global
	GlobalSection(SolutionConfigurationPlatforms) = preSolution
		Debug|Any CPU = Debug|Any CPU
		Release|Any CPU = Release|Any CPU
	EndGlobalSection
	GlobalSection(ProjectConfigurationPlatforms) = postSolution
		{BA529BB4-4099-4201-BE89-6FD7A87EB27D}.Debug|Any CPU.ActiveCfg = Debug|Any CPU
		{BA529BB4-4099-4201-BE89-6FD7A87EB27D}.Debug|Any CPU.Build.0 = Debug|Any CPU
		{BA529BB4-4099-4201-BE89-6FD7A87EB27D}.Release|Any CPU.ActiveCfg = Release|Any CPU
		{BA529BB4-4099-4201-BE89-6FD7A87EB27D}.Release|Any CPU.Build.0 = Release|Any CPU
	EndGlobalSection
	GlobalSection(SolutionProperties) = preSolution
		HideSolutionNode = FALSE
	EndGlobalSection
	GlobalSection(ExtensibilityGlobals) = postSolution
		SolutionGuid = {9AD7C744-AF93-4159-BBC3-1CEC70D8B0C6}
	EndGlobalSection
EndGlobal
